{
  "name": "cookidoo-assistant-monorepo",
  "version": "0.1.0",
  "lockfileVersion": 3,
  "requires": true,
  "packages": {
    "": {
      "name": "cookidoo-assistant-monorepo",
      "version": "0.1.0",
      "license": "MIT",
      "workspaces": [
        "cookidoo-mcp",
        "cookidoo-assistant-shared",
        "cookidoo-assistant-mcp",
        "cookidoo-assistant-api"
      ],
      "devDependencies": {},
      "engines": {
        "node": ">=18.0.0",
        "npm": ">=9.0.0"
      }
    },
    "cookidoo-assistant-api": {
      "version": "0.1.0",
      "license": "MIT",
      "dependencies": {
        "cookidoo-assistant-shared": "*"
      },
      "devDependencies": {},
      "engines": {
        "node": ">=18.0.0"
      }
    },
    "cookidoo-assistant-mcp": {
      "version": "0.1.0",
      "license": "MIT",
      "dependencies": {
        "cookidoo-assistant-shared": "*"
      },
      "devDependencies": {},
      "engines": {
        "node": ">=18.0.0"
      }
    },
    "cookidoo-assistant-shared": {
      "version": "0.1.0",
      "license": "MIT",
      "devDependencies": {},
      "engines": {
        "node": ">=18.0.0"
      }
    },
    "cookidoo-mcp": {
      "version": "0.1.0",
      "license": "MIT",
      "devDependencies": {},
      "engines": {
        "node": ">=18.0.0"
      }
    },
    "node_modules/cookidoo-assistant-api": {
      "resolved": "cookidoo-assistant-api",
      "link": true
    },
    "node_modules/cookidoo-assistant-mcp": {
      "resolved": "cookidoo-assistant-mcp",
      "link": true
    },
    "node_modules/cookidoo-assistant-shared": {
      "resolved": "cookidoo-assistant-shared",
      "link": true
    },
    "node_modules/cookidoo-mcp": {
      "resolved": "cookidoo-mcp",
      "link": true
    }
  }
}
